PODS:
  - Alamofire (4.6.0)
  - HTMLString (4.0.1)
  - libwebp (0.6.0):
    - libwebp/core (= 0.6.0)
    - libwebp/dec (= 0.6.0)
    - libwebp/demux (= 0.6.0)
    - libwebp/dsp (= 0.6.0)
    - libwebp/enc (= 0.6.0)
    - libwebp/mux (= 0.6.0)
    - libwebp/utils (= 0.6.0)
    - libwebp/webp (= 0.6.0)
  - libwebp/core (0.6.0):
    - libwebp/webp
  - libwebp/dec (0.6.0):
    - libwebp/core
  - libwebp/demux (0.6.0):
    - libwebp/core
  - libwebp/dsp (0.6.0):
    - libwebp/core
  - libwebp/enc (0.6.0):
    - libwebp/core
  - libwebp/mux (0.6.0):
    - libwebp/core
  - libwebp/utils (0.6.0):
    - libwebp/core
  - libwebp/webp (0.6.0)
  - SDWebImage/Core (4.2.2)
  - SDWebImage/WebP (4.2.2):
    - libwebp
    - SDWebImage/Core
  - SQLite.swift (0.11.4):
    - SQLite.swift/standard (= 0.11.4)
  - SQLite.swift/standard (0.11.4)
  - Toast-Swift (3.0.1)

DEPENDENCIES:
  - Alamofire
  - HTMLString (~> 4.0)
  - SDWebImage/WebP
  - SQLite.swift (~> 0.11.4)
  - Toast-Swift

SPEC CHECKSUMS:
  Alamofire: f41a599bd63041760b26d393ec1069d9d7b917f4
  HTMLString: 8d9a8a8aaf63dd52c5b8cd9a38e14da52f753210
  libwebp: 1d5a07c2eb97f9c31bd5f154bb82efc0ea67c6a2
  SDWebImage: 89a9d32cd520bbb46eb14e541d5109b3564af198
  SQLite.swift: 3e3bee21da701b5b9f87c4a672cb54f233505692
  Toast-Swift: ba0b01b095aada709d915f9beb1d38184a2721c3

PODFILE CHECKSUM: 2202d23d57a4f18da2ab62aa427fdb3cd56bdcaf

COCOAPODS: 1.2.1
